# THIS IS AN AUTOGENERATED FILE. DO NOT EDIT THIS FILE DIRECTLY.
# yarn lockfile v1


abbrev@1:
  version "1.1.0"
  resolved "https://registry.yarnpkg.com/abbrev/-/abbrev-1.1.0.tgz#d0554c2256636e2f56e7c2e5ad183f859428d81f"

anymatch@^1.3.0:
  version "1.3.0"
  resolved "https://registry.yarnpkg.com/anymatch/-/anymatch-1.3.0.tgz#a3e52fa39168c825ff57b0248126ce5a8ff95507"
  dependencies:
    arrify "^1.0.0"
    micromatch "^2.1.5"

arr-diff@^2.0.0:
  version "2.0.0"
  resolved "https://registry.yarnpkg.com/arr-diff/-/arr-diff-2.0.0.tgz#8f3b827f955a8bd669697e4a4256ac3ceae356cf"
  dependencies:
    arr-flatten "^1.0.1"

arr-flatten@^1.0.1:
  version "1.0.2"
  resolved "https://registry.yarnpkg.com/arr-flatten/-/arr-flatten-1.0.2.tgz#1ec1e63439c54f67d6f72bb4299c3d4f73b2d996"

array-unique@^0.2.1:
  version "0.2.1"
  resolved "https://registry.yarnpkg.com/array-unique/-/array-unique-0.2.1.tgz#a1d97ccafcbc2625cc70fadceb36a50c58b01a53"

arrify@^1.0.0:
  version "1.0.1"
  resolved "https://registry.yarnpkg.com/arrify/-/arrify-1.0.1.tgz#898508da2226f380df904728456849c1501a4b0d"

async@0.9.0:
  version "0.9.0"
  resolved "https://registry.yarnpkg.com/async/-/async-0.9.0.tgz#ac3613b1da9bed1b47510bb4651b8931e47146c7"

balanced-match@^0.4.1:
  version "0.4.2"
  resolved "https://registry.yarnpkg.com/balanced-match/-/balanced-match-0.4.2.tgz#cb3f3e3c732dc0f01ee70b403f302e61d7709838"

brace-expansion@^1.0.0:
  version "1.1.7"
  resolved "https://registry.yarnpkg.com/brace-expansion/-/brace-expansion-1.1.7.tgz#3effc3c50e000531fb720eaff80f0ae8ef23cf59"
  dependencies:
    balanced-match "^0.4.1"
    concat-map "0.0.1"

braces@^1.8.2:
  version "1.8.5"
  resolved "https://registry.yarnpkg.com/braces/-/braces-1.8.5.tgz#ba77962e12dff969d6b76711e914b737857bf6a7"
  dependencies:
    expand-range "^1.8.1"
    preserve "^0.2.0"
    repeat-element "^1.1.2"

bser@1.0.2:
  version "1.0.2"
  resolved "https://registry.yarnpkg.com/bser/-/bser-1.0.2.tgz#381116970b2a6deea5646dd15dd7278444b56169"
  dependencies:
    node-int64 "^0.4.0"

colors@1.0.3:
  version "1.0.3"
  resolved "https://registry.yarnpkg.com/colors/-/colors-1.0.3.tgz#0433f44d809680fdeb60ed260f1b0c262e82a40b"

concat-map@0.0.1:
  version "0.0.1"
  resolved "https://registry.yarnpkg.com/concat-map/-/concat-map-0.0.1.tgz#d8a96bd77fd68df7793a73036a3ba0d5405d477b"

corser@~2.0.0:
  version "2.0.1"
  resolved "https://registry.yarnpkg.com/corser/-/corser-2.0.1.tgz#8eda252ecaab5840dcd975ceb90d9370c819ff87"

ecstatic@^1.4.0:
  version "1.4.1"
  resolved "https://registry.yarnpkg.com/ecstatic/-/ecstatic-1.4.1.tgz#32cb7b6fa2e290d58668674d115e8f0c3d567d6a"
  dependencies:
    he "^0.5.0"
    mime "^1.2.11"
    minimist "^1.1.0"
    url-join "^1.0.0"

eventemitter3@1.x.x:
  version "1.2.0"
  resolved "https://registry.yarnpkg.com/eventemitter3/-/eventemitter3-1.2.0.tgz#1c86991d816ad1e504750e73874224ecf3bec508"

exec-sh@^0.2.0:
  version "0.2.0"
  resolved "https://registry.yarnpkg.com/exec-sh/-/exec-sh-0.2.0.tgz#14f75de3f20d286ef933099b2ce50a90359cef10"
  dependencies:
    merge "^1.1.3"

expand-brackets@^0.1.4:
  version "0.1.5"
  resolved "https://registry.yarnpkg.com/expand-brackets/-/expand-brackets-0.1.5.tgz#df07284e342a807cd733ac5af72411e581d1177b"
  dependencies:
    is-posix-bracket "^0.1.0"

expand-range@^1.8.1:
  version "1.8.2"
  resolved "https://registry.yarnpkg.com/expand-range/-/expand-range-1.8.2.tgz#a299effd335fe2721ebae8e257ec79644fc85337"
  dependencies:
    fill-range "^2.1.0"

extglob@^0.3.1:
  version "0.3.2"
  resolved "https://registry.yarnpkg.com/extglob/-/extglob-0.3.2.tgz#2e18ff3d2f49ab2765cec9023f011daa8d8349a1"
  dependencies:
    is-extglob "^1.0.0"

fb-watchman@^1.8.0:
  version "1.9.2"
  resolved "https://registry.yarnpkg.com/fb-watchman/-/fb-watchman-1.9.2.tgz#a24cf47827f82d38fb59a69ad70b76e3b6ae7383"
  dependencies:
    bser "1.0.2"

filename-regex@^2.0.0:
  version "2.0.0"
  resolved "https://registry.yarnpkg.com/filename-regex/-/filename-regex-2.0.0.tgz#996e3e80479b98b9897f15a8a58b3d084e926775"

fill-range@^2.1.0:
  version "2.2.3"
  resolved "https://registry.yarnpkg.com/fill-range/-/fill-range-2.2.3.tgz#50b77dfd7e469bc7492470963699fe7a8485a723"
  dependencies:
    is-number "^2.1.0"
    isobject "^2.0.0"
    randomatic "^1.1.3"
    repeat-element "^1.1.2"
    repeat-string "^1.5.2"

for-in@^1.0.1:
  version "1.0.2"
  resolved "https://registry.yarnpkg.com/for-in/-/for-in-1.0.2.tgz#81068d295a8142ec0ac726c6e2200c30fb6d5e80"

for-own@^0.1.4:
  version "0.1.5"
  resolved "https://registry.yarnpkg.com/for-own/-/for-own-0.1.5.tgz#5265c681a4f294dabbf17c9509b6763aa84510ce"
  dependencies:
    for-in "^1.0.1"

glob-base@^0.3.0:
  version "0.3.0"
  resolved "https://registry.yarnpkg.com/glob-base/-/glob-base-0.3.0.tgz#dbb164f6221b1c0b1ccf82aea328b497df0ea3c4"
  dependencies:
    glob-parent "^2.0.0"
    is-glob "^2.0.0"

glob-parent@^2.0.0:
  version "2.0.0"
  resolved "https://registry.yarnpkg.com/glob-parent/-/glob-parent-2.0.0.tgz#81383d72db054fcccf5336daa902f182f6edbb28"
  dependencies:
    is-glob "^2.0.0"

he@^0.5.0:
  version "0.5.0"
  resolved "https://registry.yarnpkg.com/he/-/he-0.5.0.tgz#2c05ffaef90b68e860f3fd2b54ef580989277ee2"

hogan.js@^3.0.2:
  version "3.0.2"
  resolved "https://registry.yarnpkg.com/hogan.js/-/hogan.js-3.0.2.tgz#4cd9e1abd4294146e7679e41d7898732b02c7bfd"
  dependencies:
    mkdirp "0.3.0"
    nopt "1.0.10"

http-proxy@^1.8.1:
  version "1.16.2"
  resolved "https://registry.yarnpkg.com/http-proxy/-/http-proxy-1.16.2.tgz#06dff292952bf64dbe8471fa9df73066d4f37742"
  dependencies:
    eventemitter3 "1.x.x"
    requires-port "1.x.x"

http-server@^0.9.0:
  version "0.9.0"
  resolved "https://registry.yarnpkg.com/http-server/-/http-server-0.9.0.tgz#8f1b06bdc733618d4dc42831c7ba1aff4e06001a"
  dependencies:
    colors "1.0.3"
    corser "~2.0.0"
    ecstatic "^1.4.0"
    http-proxy "^1.8.1"
    opener "~1.4.0"
    optimist "0.6.x"
    portfinder "0.4.x"
    union "~0.4.3"

is-buffer@^1.0.2:
  version "1.1.5"
  resolved "https://registry.yarnpkg.com/is-buffer/-/is-buffer-1.1.5.tgz#1f3b26ef613b214b88cbca23cc6c01d87961eecc"

is-dotfile@^1.0.0:
  version "1.0.2"
  resolved "https://registry.yarnpkg.com/is-dotfile/-/is-dotfile-1.0.2.tgz#2c132383f39199f8edc268ca01b9b007d205cc4d"

is-equal-shallow@^0.1.3:
  version "0.1.3"
  resolved "https://registry.yarnpkg.com/is-equal-shallow/-/is-equal-shallow-0.1.3.tgz#2238098fc221de0bcfa5d9eac4c45d638aa1c534"
  dependencies:
    is-primitive "^2.0.0"

is-extendable@^0.1.1:
  version "0.1.1"
  resolved "https://registry.yarnpkg.com/is-extendable/-/is-extendable-0.1.1.tgz#62b110e289a471418e3ec36a617d472e301dfc89"

is-extglob@^1.0.0:
  version "1.0.0"
  resolved "https://registry.yarnpkg.com/is-extglob/-/is-extglob-1.0.0.tgz#ac468177c4943405a092fc8f29760c6ffc6206c0"

is-glob@^2.0.0, is-glob@^2.0.1:
  version "2.0.1"
  resolved "https://registry.yarnpkg.com/is-glob/-/is-glob-2.0.1.tgz#d096f926a3ded5600f3fdfd91198cb0888c2d863"
  dependencies:
    is-extglob "^1.0.0"

is-number@^2.0.2, is-number@^2.1.0:
  version "2.1.0"
  resolved "https://registry.yarnpkg.com/is-number/-/is-number-2.1.0.tgz#01fcbbb393463a548f2f466cce16dece49db908f"
  dependencies:
    kind-of "^3.0.2"

is-posix-bracket@^0.1.0:
  version "0.1.1"
  resolved "https://registry.yarnpkg.com/is-posix-bracket/-/is-posix-bracket-0.1.1.tgz#3334dc79774368e92f016e6fbc0a88f5cd6e6bc4"

is-primitive@^2.0.0:
  version "2.0.0"
  resolved "https://registry.yarnpkg.com/is-primitive/-/is-primitive-2.0.0.tgz#207bab91638499c07b2adf240a41a87210034575"

isarray@1.0.0:
  version "1.0.0"
  resolved "https://registry.yarnpkg.com/isarray/-/isarray-1.0.0.tgz#bb935d48582cba168c06834957a54a3e07124f11"

isobject@^2.0.0:
  version "2.1.0"
  resolved "https://registry.yarnpkg.com/isobject/-/isobject-2.1.0.tgz#f065561096a3f1da2ef46272f815c840d87e0c89"
  dependencies:
    isarray "1.0.0"

kind-of@^3.0.2:
  version "3.1.0"
  resolved "https://registry.yarnpkg.com/kind-of/-/kind-of-3.1.0.tgz#475d698a5e49ff5e53d14e3e732429dc8bf4cf47"
  dependencies:
    is-buffer "^1.0.2"

lodash@^4.17.4:
  version "4.17.4"
  resolved "https://registry.yarnpkg.com/lodash/-/lodash-4.17.4.tgz#78203a4d1c328ae1d86dca6460e369b57f4055ae"

makeerror@1.0.x:
  version "1.0.11"
  resolved "https://registry.yarnpkg.com/makeerror/-/makeerror-1.0.11.tgz#e01a5c9109f2af79660e4e8b9587790184f5a96c"
  dependencies:
    tmpl "1.0.x"

merge@^1.1.3:
  version "1.2.0"
  resolved "https://registry.yarnpkg.com/merge/-/merge-1.2.0.tgz#7531e39d4949c281a66b8c5a6e0265e8b05894da"

micromatch@^2.1.5:
  version "2.3.11"
  resolved "https://registry.yarnpkg.com/micromatch/-/micromatch-2.3.11.tgz#86677c97d1720b363431d04d0d15293bd38c1565"
  dependencies:
    arr-diff "^2.0.0"
    array-unique "^0.2.1"
    braces "^1.8.2"
    expand-brackets "^0.1.4"
    extglob "^0.3.1"
    filename-regex "^2.0.0"
    is-extglob "^1.0.0"
    is-glob "^2.0.1"
    kind-of "^3.0.2"
    normalize-path "^2.0.1"
    object.omit "^2.0.0"
    parse-glob "^3.0.4"
    regex-cache "^0.4.2"

mime@^1.2.11:
  version "1.3.4"
  resolved "https://registry.yarnpkg.com/mime/-/mime-1.3.4.tgz#115f9e3b6b3daf2959983cb38f149a2d40eb5d53"

minimatch@^3.0.2:
  version "3.0.3"
  resolved "https://registry.yarnpkg.com/minimatch/-/minimatch-3.0.3.tgz#2a4e4090b96b2db06a9d7df01055a62a77c9b774"
  dependencies:
    brace-expansion "^1.0.0"

minimist@0.0.8:
  version "0.0.8"
  resolved "https://registry.yarnpkg.com/minimist/-/minimist-0.0.8.tgz#857fcabfc3397d2625b8228262e86aa7a011b05d"

minimist@^1.1.0, minimist@^1.1.1:
  version "1.2.0"
  resolved "https://registry.yarnpkg.com/minimist/-/minimist-1.2.0.tgz#a35008b20f41383eec1fb914f4cd5df79a264284"

minimist@~0.0.1:
  version "0.0.10"
  resolved "https://registry.yarnpkg.com/minimist/-/minimist-0.0.10.tgz#de3f98543dbf96082be48ad1a0c7cda836301dcf"

mkdirp@0.3.0:
  version "0.3.0"
  resolved "https://registry.yarnpkg.com/mkdirp/-/mkdirp-0.3.0.tgz#1bbf5ab1ba827af23575143490426455f481fe1e"

mkdirp@0.5.x:
  version "0.5.1"
  resolved "https://registry.yarnpkg.com/mkdirp/-/mkdirp-0.5.1.tgz#30057438eac6cf7f8c4767f38648d6697d75c903"
  dependencies:
    minimist "0.0.8"

node-int64@^0.4.0:
  version "0.4.0"
  resolved "https://registry.yarnpkg.com/node-int64/-/node-int64-0.4.0.tgz#87a9065cdb355d3182d8f94ce11188b825c68a3b"

nopt@1.0.10:
  version "1.0.10"
  resolved "https://registry.yarnpkg.com/nopt/-/nopt-1.0.10.tgz#6ddd21bd2a31417b92727dd585f8a6f37608ebee"
  dependencies:
    abbrev "1"

normalize-path@^2.0.1:
  version "2.1.1"
  resolved "https://registry.yarnpkg.com/normalize-path/-/normalize-path-2.1.1.tgz#1ab28b556e198363a8c1a6f7e6fa20137fe6aed9"
  dependencies:
    remove-trailing-separator "^1.0.1"

object.omit@^2.0.0:
  version "2.0.1"
  resolved "https://registry.yarnpkg.com/object.omit/-/object.omit-2.0.1.tgz#1a9c744829f39dbb858c76ca3579ae2a54ebd1fa"
  dependencies:
    for-own "^0.1.4"
    is-extendable "^0.1.1"

opener@~1.4.0:
  version "1.4.3"
  resolved "https://registry.yarnpkg.com/opener/-/opener-1.4.3.tgz#5c6da2c5d7e5831e8ffa3964950f8d6674ac90b8"

optimist@0.6.x:
  version "0.6.1"
  resolved "https://registry.yarnpkg.com/optimist/-/optimist-0.6.1.tgz#da3ea74686fa21a19a111c326e90eb15a0196686"
  dependencies:
    minimist "~0.0.1"
    wordwrap "~0.0.2"

parse-glob@^3.0.4:
  version "3.0.4"
  resolved "https://registry.yarnpkg.com/parse-glob/-/parse-glob-3.0.4.tgz#b2c376cfb11f35513badd173ef0bb6e3a388391c"
  dependencies:
    glob-base "^0.3.0"
    is-dotfile "^1.0.0"
    is-extglob "^1.0.0"
    is-glob "^2.0.0"

portfinder@0.4.x:
  version "0.4.0"
  resolved "https://registry.yarnpkg.com/portfinder/-/portfinder-0.4.0.tgz#a3ffadffafe4fb98e0601a85eda27c27ce84ca1e"
  dependencies:
    async "0.9.0"
    mkdirp "0.5.x"

preserve@^0.2.0:
  version "0.2.0"
  resolved "https://registry.yarnpkg.com/preserve/-/preserve-0.2.0.tgz#815ed1f6ebc65926f865b310c0713bcb3315ce4b"

qs@~2.3.3:
  version "2.3.3"
  resolved "https://registry.yarnpkg.com/qs/-/qs-2.3.3.tgz#e9e85adbe75da0bbe4c8e0476a086290f863b404"

randomatic@^1.1.3:
  version "1.1.6"
  resolved "https://registry.yarnpkg.com/randomatic/-/randomatic-1.1.6.tgz#110dcabff397e9dcff7c0789ccc0a49adf1ec5bb"
  dependencies:
    is-number "^2.0.2"
    kind-of "^3.0.2"

regex-cache@^0.4.2:
  version "0.4.3"
  resolved "https://registry.yarnpkg.com/regex-cache/-/regex-cache-0.4.3.tgz#9b1a6c35d4d0dfcef5711ae651e8e9d3d7114145"
  dependencies:
    is-equal-shallow "^0.1.3"
    is-primitive "^2.0.0"

remove-trailing-separator@^1.0.1:
  version "1.0.1"
  resolved "https://registry.yarnpkg.com/remove-trailing-separator/-/remove-trailing-separator-1.0.1.tgz#615ebb96af559552d4bf4057c8436d486ab63cc4"

repeat-element@^1.1.2:
  version "1.1.2"
  resolved "https://registry.yarnpkg.com/repeat-element/-/repeat-element-1.1.2.tgz#ef089a178d1483baae4d93eb98b4f9e4e11d990a"

repeat-string@^1.5.2:
  version "1.6.1"
  resolved "https://registry.yarnpkg.com/repeat-string/-/repeat-string-1.6.1.tgz#8dcae470e1c88abc2d600fff4a776286da75e637"

requires-port@1.x.x:
  version "1.0.0"
  resolved "https://registry.yarnpkg.com/requires-port/-/requires-port-1.0.0.tgz#925d2601d39ac485e091cf0da5c6e694dc3dcaff"

sane@^1.6.0:
  version "1.6.0"
  resolved "https://registry.yarnpkg.com/sane/-/sane-1.6.0.tgz#9610c452307a135d29c1fdfe2547034180c46775"
  dependencies:
    anymatch "^1.3.0"
    exec-sh "^0.2.0"
    fb-watchman "^1.8.0"
    minimatch "^3.0.2"
    minimist "^1.1.1"
    walker "~1.0.5"
    watch "~0.10.0"

tmpl@1.0.x:
  version "1.0.4"
  resolved "https://registry.yarnpkg.com/tmpl/-/tmpl-1.0.4.tgz#23640dd7b42d00433911140820e5cf440e521dd1"

union@~0.4.3:
  version "0.4.6"
  resolved "https://registry.yarnpkg.com/union/-/union-0.4.6.tgz#198fbdaeba254e788b0efcb630bc11f24a2959e0"
  dependencies:
    qs "~2.3.3"

url-join@^1.0.0:
  version "1.1.0"
  resolved "https://registry.yarnpkg.com/url-join/-/url-join-1.1.0.tgz#741c6c2f4596c4830d6718460920d0c92202dc78"

walker@~1.0.5:
  version "1.0.7"
  resolved "https://registry.yarnpkg.com/walker/-/walker-1.0.7.tgz#2f7f9b8fd10d677262b18a884e28d19618e028fb"
  dependencies:
    makeerror "1.0.x"

watch@~0.10.0:
  version "0.10.0"
  resolved "https://registry.yarnpkg.com/watch/-/watch-0.10.0.tgz#77798b2da0f9910d595f1ace5b0c2258521f21dc"

wordwrap@~0.0.2:
  version "0.0.3"
  resolved "https://registry.yarnpkg.com/wordwrap/-/wordwrap-0.0.3.tgz#a3d5da6cd5c0bc0008d37234bbaf1bed63059107"
